// !$*UTF8*$!
{
	archiveVersion = 1;
	classes = {
	};
	objectVersion = 50;
	objects = {

/* Begin PBXBuildFile section */
		5DF14338273AA591004835F9 /* AppDelegate.swift in Sources */ = {isa = PBXBuildFile; fileRef = 5DF14337273AA591004835F9 /* AppDelegate.swift */; };
		5DF1433A273AA591004835F9 /* SceneDelegate.swift in Sources */ = {isa = PBXBuildFile; fileRef = 5DF14339273AA591004835F9 /* SceneDelegate.swift */; };
		5DF1433C273AA591004835F9 /* ArticleViewController.swift in Sources */ = {isa = PBXBuildFile; fileRef = 5DF1433B273AA591004835F9 /* ArticleViewController.swift */; };
		5DF14341273AA592004835F9 /* Assets.xcassets in Resources */ = {isa = PBXBuildFile; fileRef = 5DF14340273AA592004835F9 /* Assets.xcassets */; };
		5DF14344273AA592004835F9 /* LaunchScreen.storyboard in Resources */ = {isa = PBXBuildFile; fileRef = 5DF14342273AA592004835F9 /* LaunchScreen.storyboard */; };
		5DF1434F273B0F06004835F9 /* ArticleModel.swift in Sources */ = {isa = PBXBuildFile; fileRef = 5DF1434E273B0F06004835F9 /* ArticleModel.swift */; };
		5DF14351273B1159004835F9 /* ArticleTableViewCell.swift in Sources */ = {isa = PBXBuildFile; fileRef = 5DF14350273B1159004835F9 /* ArticleTableViewCell.swift */; };
		5DF14353273B139B004835F9 /* ArticleManager.swift in Sources */ = {isa = PBXBuildFile; fileRef = 5DF14352273B139B004835F9 /* ArticleManager.swift */; };
		5DF96ED3273BF3C60057B237 /* ArticlePage.swift in Sources */ = {isa = PBXBuildFile; fileRef = 5DF96ED2273BF3C60057B237 /* ArticlePage.swift */; };
		5DF96ED5273BF4910057B237 /* ImageContainer.swift in Sources */ = {isa = PBXBuildFile; fileRef = 5DF96ED4273BF4910057B237 /* ImageContainer.swift */; };
/* End PBXBuildFile section */

/* Begin PBXFileReference section */
		5DF14334273AA591004835F9 /* avmorozova_6PW5.app */ = {isa = PBXFileReference; explicitFileType = wrapper.application; includeInIndex = 0; path = avmorozova_6PW5.app; sourceTree = BUILT_PRODUCTS_DIR; };
		5DF14337273AA591004835F9 /* AppDelegate.swift */ = {isa = PBXFileReference; lastKnownFileType = sourcecode.swift; path = AppDelegate.swift; sourceTree = "<group>"; };
		5DF14339273AA591004835F9 /* SceneDelegate.swift */ = {isa = PBXFileReference; lastKnownFileType = sourcecode.swift; path = SceneDelegate.swift; sourceTree = "<group>"; };
		5DF1433B273AA591004835F9 /* ArticleViewController.swift */ = {isa = PBXFileReference; lastKnownFileType = sourcecode.swift; path = ArticleViewController.swift; sourceTree = "<group>"; };
		5DF14340273AA592004835F9 /* Assets.xcassets */ = {isa = PBXFileReference; lastKnownFileType = folder.assetcatalog; path = Assets.xcassets; sourceTree = "<group>"; };
		5DF14343273AA592004835F9 /* Base */ = {isa = PBXFileReference; lastKnownFileType = file.storyboard; name = Base; path = Base.lproj/LaunchScreen.storyboard; sourceTree = "<group>"; };
		5DF14345273AA592004835F9 /* Info.plist */ = {isa = PBXFileReference; lastKnownFileType = text.plist.xml; path = Info.plist; sourceTree = "<group>"; };
		5DF1434E273B0F06004835F9 /* ArticleModel.swift */ = {isa = PBXFileReference; lastKnownFileType = sourcecode.swift; path = ArticleModel.swift; sourceTree = "<group>"; };
		5DF14350273B1159004835F9 /* ArticleTableViewCell.swift */ = {isa = PBXFileReference; lastKnownFileType = sourcecode.swift; path = ArticleTableViewCell.swift; sourceTree = "<group>"; };
		5DF14352273B139B004835F9 /* ArticleManager.swift */ = {isa = PBXFileReference; lastKnownFileType = sourcecode.swift; path = ArticleManager.swift; sourceTree = "<group>"; };
		5DF96ED2273BF3C60057B237 /* ArticlePage.swift */ = {isa = PBXFileReference; lastKnownFileType = sourcecode.swift; path = ArticlePage.swift; sourceTree = "<group>"; };
		5DF96ED4273BF4910057B237 /* ImageContainer.swift */ = {isa = PBXFileReference; lastKnownFileType = sourcecode.swift; path = ImageContainer.swift; sourceTree = "<group>"; };
/* End PBXFileReference section */

/* Begin PBXFrameworksBuildPhase section */
		5DF14331273AA590004835F9 /* Frameworks */ = {
			isa = PBXFrameworksBuildPhase;
			buildActionMask = 2147483647;
			files = (
			);
			runOnlyForDeploymentPostprocessing = 0;
		};
/* End PBXFrameworksBuildPhase section */

/* Begin PBXGroup section */
		5DF1432B273AA590004835F9 = {
			isa = PBXGroup;
			children = (
				5DF14336273AA591004835F9 /* avmorozova_6PW5 */,
				5DF14335273AA591004835F9 /* Products */,
			);
			sourceTree = "<group>";
		};
		5DF14335273AA591004835F9 /* Products */ = {
			isa = PBXGroup;
			children = (
				5DF14334273AA591004835F9 /* avmorozova_6PW5.app */,
			);
			name = Products;
			sourceTree = "<group>";
		};
		5DF14336273AA591004835F9 /* avmorozova_6PW5 */ = {
			isa = PBXGroup;
			children = (
				5DF14337273AA591004835F9 /* AppDelegate.swift */,
				5DF14339273AA591004835F9 /* SceneDelegate.swift */,
				5DF1434B273B0E8F004835F9 /* Model */,
				5DF1434D273B0EA5004835F9 /* Controller */,
				5DF1434C273B0E98004835F9 /* View */,
				5DF14340273AA592004835F9 /* Assets.xcassets */,
				5DF14342273AA592004835F9 /* LaunchScreen.storyboard */,
				5DF14345273AA592004835F9 /* Info.plist */,
			);
			path = avmorozova_6PW5;
			sourceTree = "<group>";
		};
		5DF1434B273B0E8F004835F9 /* Model */ = {
			isa = PBXGroup;
			children = (
				5DF1434E273B0F06004835F9 /* ArticleModel.swift */,
				5DF14352273B139B004835F9 /* ArticleManager.swift */,
				5DF96ED2273BF3C60057B237 /* ArticlePage.swift */,
				5DF96ED4273BF4910057B237 /* ImageContainer.swift */,
			);
			path = Model;
			sourceTree = "<group>";
		};
		5DF1434C273B0E98004835F9 /* View */ = {
			isa = PBXGroup;
			children = (
				5DF14350273B1159004835F9 /* ArticleTableViewCell.swift */,
			);
			path = View;
			sourceTree = "<group>";
		};
		5DF1434D273B0EA5004835F9 /* Controller */ = {
			isa = PBXGroup;
			children = (
				5DF1433B273AA591004835F9 /* ArticleViewController.swift */,
			);
			path = Controller;
			sourceTree = "<group>";
		};
/* End PBXGroup section */

/* Begin PBXNativeTarget section */
		5DF14333273AA590004835F9 /* avmorozova_6PW5 */ = {
			isa = PBXNativeTarget;
			buildConfigurationList = 5DF14348273AA592004835F9 /* Build configuration list for PBXNativeTarget "avmorozova_6PW5" */;
			buildPhases = (
				5DF14330273AA590004835F9 /* Sources */,
				5DF14331273AA590004835F9 /* Frameworks */,
				5DF14332273AA590004835F9 /* Resources */,
			);
			buildRules = (
			);
			dependencies = (
			);
			name = avmorozova_6PW5;
			productName = avmorozova_6PW5;
			productReference = 5DF14334273AA591004835F9 /* avmorozova_6PW5.app */;
			productType = "com.apple.product-type.application";
		};
/* End PBXNativeTarget section */

/* Begin PBXProject section */
		5DF1432C273AA590004835F9 /* Project object */ = {
			isa = PBXProject;
			attributes = {
				LastSwiftUpdateCheck = 1250;
				LastUpgradeCheck = 1250;
				TargetAttributes = {
					5DF14333273AA590004835F9 = {
						CreatedOnToolsVersion = 12.5.1;
					};
				};
			};
			buildConfigurationList = 5DF1432F273AA590004835F9 /* Build configuration list for PBXProject "avmorozova_6PW5" */;
			compatibilityVersion = "Xcode 9.3";
			developmentRegion = en;
			hasScannedForEncodings = 0;
			knownRegions = (
				en,
				Base,
			);
			mainGroup = 5DF1432B273AA590004835F9;
			productRefGroup = 5DF14335273AA591004835F9 /* Products */;
			projectDirPath = "";
			projectRoot = "";
			targets = (
				5DF14333273AA590004835F9 /* avmorozova_6PW5 */,
			);
		};
/* End PBXProject section */

/* Begin PBXResourcesBuildPhase section */
		5DF14332273AA590004835F9 /* Resources */ = {
			isa = PBXResourcesBuildPhase;
			buildActionMask = 2147483647;
			files = (
				5DF14344273AA592004835F9 /* LaunchScreen.storyboard in Resources */,
				5DF14341273AA592004835F9 /* Assets.xcassets in Resources */,
			);
			runOnlyForDeploymentPostprocessing = 0;
		};
/* End PBXResourcesBuildPhase section */

/* Begin PBXSourcesBuildPhase section */
		5DF14330273AA590004835F9 /* Sources */ = {
			isa = PBXSourcesBuildPhase;
			buildActionMask = 2147483647;
			files = (
				5DF14351273B1159004835F9 /* ArticleTableViewCell.swift in Sources */,
				5DF96ED3273BF3C60057B237 /* ArticlePage.swift in Sources */,
				5DF1433C273AA591004835F9 /* ArticleViewController.swift in Sources */,
				5DF14338273AA591004835F9 /* AppDelegate.swift in Sources */,
				5DF1434F273B0F06004835F9 /* ArticleModel.swift in Sources */,
				5DF96ED5273BF4910057B237 /* ImageContainer.swift in Sources */,
				5DF14353273B139B004835F9 /* ArticleManager.swift in Sources */,
				5DF1433A273AA591004835F9 /* SceneDelegate.swift in Sources */,
			);
			runOnlyForDeploymentPostprocessing = 0;
		};
/* End PBXSourcesBuildPhase section */

/* Begin PBXVariantGroup section */
		5DF14342273AA592004835F9 /* LaunchScreen.storyboard */ = {
			isa = PBXVariantGroup;
			children = (
				5DF14343273AA592004835F9 /* Base */,
			);
			name = LaunchScreen.storyboard;
			sourceTree = "<group>";
		};
/* End PBXVariantGroup section */

/* Begin XCBuildConfiguration section */
		5DF14346273AA592004835F9 /* Debug */ = {
			isa = XCBuildConfiguration;
			buildSettings = {
				ALWAYS_SEARCH_USER_PATHS = NO;
				CLANG_ANALYZER_NONNULL = YES;
				CLANG_ANALYZER_NUMBER_OBJECT_CONVERSION = YES_AGGRESSIVE;
				CLANG_CXX_LANGUAGE_STANDARD = "gnu++14";
				CLANG_CXX_LIBRARY = "libc++";
				CLANG_ENABLE_MODULES = YES;
				CLANG_ENABLE_OBJC_ARC = YES;
				CLANG_ENABLE_OBJC_WEAK = YES;
				CLANG_WARN_BLOCK_CAPTURE_AUTORELEASING = YES;
				CLANG_WARN_BOOL_CONVERSION = YES;
				CLANG_WARN_COMMA = YES;
				CLANG_WARN_CONSTANT_CONVERSION = YES;
				CLANG_WARN_DEPRECATED_OBJC_IMPLEMENTATIONS = YES;
				CLANG_WARN_DIRECT_OBJC_ISA_USAGE = YES_ERROR;
				CLANG_WARN_DOCUMENTATION_COMMENTS = YES;
				CLANG_WARN_EMPTY_BODY = YES;
				CLANG_WARN_ENUM_CONVERSION = YES;
				CLANG_WARN_INFINITE_RECURSION = YES;
				CLANG_WARN_INT_CONVERSION = YES;
				CLANG_WARN_NON_LITERAL_NULL_CONVERSION = YES;
				CLANG_WARN_OBJC_IMPLICIT_RETAIN_SELF = YES;
				CLANG_WARN_OBJC_LITERAL_CONVERSION = YES;
				CLANG_WARN_OBJC_ROOT_CLASS = YES_ERROR;
				CLANG_WARN_QUOTED_INCLUDE_IN_FRAMEWORK_HEADER = YES;
				CLANG_WARN_RANGE_LOOP_ANALYSIS = YES;
				CLANG_WARN_STRICT_PROTOTYPES = YES;
				CLANG_WARN_SUSPICIOUS_MOVE = YES;
				CLANG_WARN_UNGUARDED_AVAILABILITY = YES_AGGRESSIVE;
				CLANG_WARN_UNREACHABLE_CODE = YES;
				CLANG_WARN__DUPLICATE_METHOD_MATCH = YES;
				COPY_PHASE_STRIP = NO;
				DEBUG_INFORMATION_FORMAT = dwarf;
				ENABLE_STRICT_OBJC_MSGSEND = YES;
				ENABLE_TESTABILITY = YES;
				GCC_C_LANGUAGE_STANDARD = gnu11;
				GCC_DYNAMIC_NO_PIC = NO;
				GCC_NO_COMMON_BLOCKS = YES;
				GCC_OPTIMIZATION_LEVEL = 0;
				GCC_PREPROCESSOR_DEFINITIONS = (
					"DEBUG=1",
					"$(inherited)",
				);
				GCC_WARN_64_TO_32_BIT_CONVERSION = YES;
				GCC_WARN_ABOUT_RETURN_TYPE = YES_ERROR;
				GCC_WARN_UNDECLARED_SELECTOR = YES;
				GCC_WARN_UNINITIALIZED_AUTOS = YES_AGGRESSIVE;
				GCC_WARN_UNUSED_FUNCTION = YES;
				GCC_WARN_UNUSED_VARIABLE = YES;
				IPHONEOS_DEPLOYMENT_TARGET = 14.5;
				MTL_ENABLE_DEBUG_INFO = INCLUDE_SOURCE;
				MTL_FAST_MATH = YES;
				ONLY_ACTIVE_ARCH = YES;
				SDKROOT = iphoneos;
				SWIFT_ACTIVE_COMPILATION_CONDITIONS = DEBUG;
				SWIFT_OPTIMIZATION_LEVEL = "-Onone";
			};
			name = Debug;
		};
		5DF14347273AA592004835F9 /* Release */ = {
			isa = XCBuildConfiguration;
			buildSettings = {
				ALWAYS_SEARCH_USER_PATHS = NO;
				CLANG_ANALYZER_NONNULL = YES;
				CLANG_ANALYZER_NUMBER_OBJECT_CONVERSION = YES_AGGRESSIVE;
				CLANG_CXX_LANGUAGE_STANDARD = "gnu++14";
				CLANG_CXX_LIBRARY = "libc++";
				CLANG_ENABLE_MODULES = YES;
				CLANG_ENABLE_OBJC_ARC = YES;
				CLANG_ENABLE_OBJC_WEAK = YES;
				CLANG_WARN_BLOCK_CAPTURE_AUTORELEASING = YES;
				CLANG_WARN_BOOL_CONVERSION = YES;
				CLANG_WARN_COMMA = YES;
				CLANG_WARN_CONSTANT_CONVERSION = YES;
				CLANG_WARN_DEPRECATED_OBJC_IMPLEMENTATIONS = YES;
				CLANG_WARN_DIRECT_OBJC_ISA_USAGE = YES_ERROR;
				CLANG_WARN_DOCUMENTATION_COMMENTS = YES;
				CLANG_WARN_EMPTY_BODY = YES;
				CLANG_WARN_ENUM_CONVERSION = YES;
				CLANG_WARN_INFINITE_RECURSION = YES;
				CLANG_WARN_INT_CONVERSION = YES;
				CLANG_WARN_NON_LITERAL_NULL_CONVERSION = YES;
				CLANG_WARN_OBJC_IMPLICIT_RETAIN_SELF = YES;
				CLANG_WARN_OBJC_LITERAL_CONVERSION = YES;
				CLANG_WARN_OBJC_ROOT_CLASS = YES_ERROR;
				CLANG_WARN_QUOTED_INCLUDE_IN_FRAMEWORK_HEADER = YES;
				CLANG_WARN_RANGE_LOOP_ANALYSIS = YES;
				CLANG_WARN_STRICT_PROTOTYPES = YES;
				CLANG_WARN_SUSPICIOUS_MOVE = YES;
				CLANG_WARN_UNGUARDED_AVAILABILITY = YES_AGGRESSIVE;
				CLANG_WARN_UNREACHABLE_CODE = YES;
				CLANG_WARN__DUPLICATE_METHOD_MATCH = YES;
				COPY_PHASE_STRIP = NO;
				DEBUG_INFORMATION_FORMAT = "dwarf-with-dsym";
				ENABLE_NS_ASSERTIONS = NO;
				ENABLE_STRICT_OBJC_MSGSEND = YES;
				GCC_C_LANGUAGE_STANDARD = gnu11;
				GCC_NO_COMMON_BLOCKS = YES;
				GCC_WARN_64_TO_32_BIT_CONVERSION = YES;
				GCC_WARN_ABOUT_RETURN_TYPE = YES_ERROR;
				GCC_WARN_UNDECLARED_SELECTOR = YES;
				GCC_WARN_UNINITIALIZED_AUTOS = YES_AGGRESSIVE;
				GCC_WARN_UNUSED_FUNCTION = YES;
				GCC_WARN_UNUSED_VARIABLE = YES;
				IPHONEOS_DEPLOYMENT_TARGET = 14.5;
				MTL_ENABLE_DEBUG_INFO = NO;
				MTL_FAST_MATH = YES;
				SDKROOT = iphoneos;
				SWIFT_COMPILATION_MODE = wholemodule;
				SWIFT_OPTIMIZATION_LEVEL = "-O";
				VALIDATE_PRODUCT = YES;
			};
			name = Release;
		};
		5DF14349273AA592004835F9 /* Debug */ = {
			isa = XCBuildConfiguration;
			buildSettings = {
				ASSETCATALOG_COMPILER_APPICON_NAME = AppIcon;
				ASSETCATALOG_COMPILER_GLOBAL_ACCENT_COLOR_NAME = AccentColor;
				CODE_SIGN_STYLE = Automatic;
				INFOPLIST_FILE = avmorozova_6PW5/Info.plist;
				LD_RUNPATH_SEARCH_PATHS = (
					"$(inherited)",
					"@executable_path/Frameworks",
				);
				PRODUCT_BUNDLE_IDENTIFIER = "hse.avmorozova-6PW5";
				PRODUCT_NAME = "$(TARGET_NAME)";
				SWIFT_VERSION = 5.0;
				TARGETED_DEVICE_FAMILY = "1,2";
			};
			name = Debug;
		};
		5DF1434A273AA592004835F9 /* Release */ = {
			isa = XCBuildConfiguration;
			buildSettings = {
				ASSETCATALOG_COMPILER_APPICON_NAME = AppIcon;
				ASSETCATALOG_COMPILER_GLOBAL_ACCENT_COLOR_NAME = AccentColor;
				CODE_SIGN_STYLE = Automatic;
				INFOPLIST_FILE = avmorozova_6PW5/Info.plist;
				LD_RUNPATH_SEARCH_PATHS = (
					"$(inherited)",
					"@executable_path/Frameworks",
				);
				PRODUCT_BUNDLE_IDENTIFIER = "hse.avmorozova-6PW5";
				PRODUCT_NAME = "$(TARGET_NAME)";
				SWIFT_VERSION = 5.0;
				TARGETED_DEVICE_FAMILY = "1,2";
			};
			name = Release;
		};
/* End XCBuildConfiguration section */

/* Begin XCConfigurationList section */
		5DF1432F273AA590004835F9 /* Build configuration list for PBXProject "avmorozova_6PW5" */ = {
			isa = XCConfigurationList;
			buildConfigurations = (
				5DF14346273AA592004835F9 /* Debug */,
				5DF14347273AA592004835F9 /* Release */,
			);
			defaultConfigurationIsVisible = 0;
			defaultConfigurationName = Release;
		};
		5DF14348273AA592004835F9 /* Build configuration list for PBXNativeTarget "avmorozova_6PW5" */ = {
			isa = XCConfigurationList;
			buildConfigurations = (
				5DF14349273AA592004835F9 /* Debug */,
				5DF1434A273AA592004835F9 /* Release */,
			);
			defaultConfigurationIsVisible = 0;
			defaultConfigurationName = Release;
		};
/* End XCConfigurationList section */
	};
	rootObject = 5DF1432C273AA590004835F9 /* Project object */;
}
